
Microsoft Visual Studio Solution File, Format Version 12.00
# Visual Studio Version 17
VisualStudioVersion = 17.1.32203.90
MinimumVisualStudioVersion = 10.0.40219.1
Project("{FAE04EC0-301F-11D3-BF4B-00C04F79EFBC}") = "Lw6", "Lw6\Lw6.csproj", "{68000E8E-B01E-4415-9126-6883FDB0054F}"
EndProject
Global
	GlobalSection(SolutionConfigurationPlatforms) = preSolution
		Debug|Any CPU = Debug|Any CPU
		Release|Any CPU = Release|Any CPU
	EndGlobalSection
	GlobalSection(ProjectConfigurationPlatforms) = postSolution
		{68000E8E-B01E-4415-9126-6883FDB0054F}.Debug|Any CPU.ActiveCfg = Debug|Any CPU
		{68000E8E-B01E-4415-9126-6883FDB0054F}.Debug|Any CPU.Build.0 = Debug|Any CPU
		{68000E8E-B01E-4415-9126-6883FDB0054F}.Release|Any CPU.ActiveCfg = Release|Any CPU
		{68000E8E-B01E-4415-9126-6883FDB0054F}.Release|Any CPU.Build.0 = Release|Any CPU
	EndGlobalSection
	GlobalSection(SolutionProperties) = preSolution
		HideSolutionNode = FALSE
	EndGlobalSection
	GlobalSection(ExtensibilityGlobals) = postSolution
		SolutionGuid = {F6C4967C-DB1B-4CD2-B23E-1611D39424D8}
	EndGlobalSection
EndGlobal
